<?xml version="1.0" encoding="utf-8"?>
<Project ToolsVersion="4.0" xmlns="http://schemas.microsoft.com/developer/msbuild/2003">
  <ItemGroup>
    <Filter Include="Source Files">
      <UniqueIdentifier>{4FC737F1-C7A5-4376-A066-2A32D752A2FF}</UniqueIdentifier>
      <Extensions>cpp;c;cc;cxx;def;odl;idl;hpj;bat;asm;asmx</Extensions>
    </Filter>
    <Filter Include="Header Files">
      <UniqueIdentifier>{93995380-89BD-4b04-88EB-625FBE52EBFB}</UniqueIdentifier>
      <Extensions>h;hpp;hxx;hm;inl;inc;xsd</Extensions>
    </Filter>
    <Filter Include="Resource Files">
      <UniqueIdentifier>{67DA6AB6-F800-4c08-8B7A-83BB121AAD01}</UniqueIdentifier>
      <Extensions>rc;ico;cur;bmp;dlg;rc2;rct;bin;rgs;gif;jpg;jpeg;jpe;resx;tiff;tif;png;wav;mfcribbon-ms</Extensions>
    </Filter>
    <Filter Include="shaders">
      <UniqueIdentifier>{df77e014-f907-463a-8e3b-1be9cc6f7ce8}</UniqueIdentifier>
    </Filter>
    <Filter Include="FolderDlg">
      <UniqueIdentifier>{c8f42365-2d20-4a6b-8015-30c0bfe55328}</UniqueIdentifier>
    </Filter>
  </ItemGroup>
  <ItemGroup>
    <None Include="ReadMe.txt" />
    <None Include="res\nav_large.bmp">
      <Filter>Resource Files</Filter>
    </None>
    <None Include="res\nav_large_hc.bmp">
      <Filter>Resource Files</Filter>
    </None>
    <None Include="res\pages.bmp">
      <Filter>Resource Files</Filter>
    </None>
    <None Include="res\pages_hc.bmp">
      <Filter>Resource Files</Filter>
    </None>
    <None Include="res\pages_small.bmp">
      <Filter>Resource Files</Filter>
    </None>
    <None Include="res\pages_small_hc.bmp">
      <Filter>Resource Files</Filter>
    </None>
    <None Include="res\buttons.bmp">
      <Filter>Resource Files</Filter>
    </None>
    <None Include="res\filelarge.bmp">
      <Filter>Resource Files</Filter>
    </None>
    <None Include="res\filesmall.bmp">
      <Filter>Resource Files</Filter>
    </None>
    <None Include="res\main.bmp">
      <Filter>Resource Files</Filter>
    </None>
    <None Include="res\writelarge.bmp">
      <Filter>Resource Files</Filter>
    </None>
    <None Include="res\writesmall.bmp">
      <Filter>Resource Files</Filter>
    </None>
    <None Include="res\ribbon.mfcribbon-ms">
      <Filter>Resource Files</Filter>
    </None>
    <None Include="res\FlowIllustrator.rc2">
      <Filter>Resource Files</Filter>
    </None>
    <None Include="res\FlowIllustratorDoc.ico">
      <Filter>Resource Files</Filter>
    </None>
    <None Include="res\FlowIllustrator.ico">
      <Filter>Resource Files</Filter>
    </None>
    <None Include="res\Toolbar.bmp">
      <Filter>Resource Files</Filter>
    </None>
    <None Include="res\Toolbar256.bmp">
      <Filter>Resource Files</Filter>
    </None>
    <None Include="res\bitmap1.bmp">
      <Filter>Resource Files</Filter>
    </None>
    <None Include="res\FlowTools.bmp">
      <Filter>Resource Files</Filter>
    </None>
    <None Include="res\bullseye_xor.cur">
      <Filter>Resource Files</Filter>
    </None>
    <None Include="res\copy4way.cur">
      <Filter>Resource Files</Filter>
    </None>
    <None Include="res\rotate.cur">
      <Filter>Resource Files</Filter>
    </None>
    <None Include="res\shear_hor.cur">
      <Filter>Resource Files</Filter>
    </None>
    <None Include="res\shear_vert.cur">
      <Filter>Resource Files</Filter>
    </None>
    <None Include="shaders\vertexshader_default.glsl">
      <Filter>shaders</Filter>
    </None>
    <None Include="shaders\fragmentshader_default.glsl">
      <Filter>shaders</Filter>
    </None>
    <None Include="shaders\VectorColorCoding.glsl">
      <Filter>shaders</Filter>
    </None>
    <None Include="ClassDiagram1.cd" />
    <None Include="gpl.txt" />
    <None Include="shaders\ColCode.glsl">
      <Filter>shaders</Filter>
    </None>
    <None Include="res\bitmap2.bmp">
      <Filter>Resource Files</Filter>
    </None>
    <None Include="res\linestyles.bmp">
      <Filter>Resource Files</Filter>
    </None>
  </ItemGroup>
  <ItemGroup>
    <ClInclude Include="FlowIllustrator.h">
      <Filter>Header Files</Filter>
    </ClInclude>
    <ClInclude Include="stdafx.h">
      <Filter>Header Files</Filter>
    </ClInclude>
    <ClInclude Include="targetver.h">
      <Filter>Header Files</Filter>
    </ClInclude>
    <ClInclude Include="MainFrm.h">
      <Filter>Header Files</Filter>
    </ClInclude>
    <ClInclude Include="FlowIllustratorDoc.h">
      <Filter>Header Files</Filter>
    </ClInclude>
    <ClInclude Include="FlowIllustratorView.h">
      <Filter>Header Files</Filter>
    </ClInclude>
    <ClInclude Include="Resource.h">
      <Filter>Header Files</Filter>
    </ClInclude>
    <ClInclude Include="MathVector.h">
      <Filter>Header Files</Filter>
    </ClInclude>
    <ClInclude Include="Vector2D.h">
      <Filter>Header Files</Filter>
    </ClInclude>
    <ClInclude Include="Vector3D.h">
      <Filter>Header Files</Filter>
    </ClInclude>
    <ClInclude Include="amirareader.h">
      <Filter>Header Files</Filter>
    </ClInclude>
    <ClInclude Include="VectorField.h">
      <Filter>Header Files</Filter>
    </ClInclude>
    <ClInclude Include="VectorField2D.h">
      <Filter>Header Files</Filter>
    </ClInclude>
    <ClInclude Include="ScalarField.h">
      <Filter>Header Files</Filter>
    </ClInclude>
    <ClInclude Include="DrawingObject.h">
      <Filter>Header Files</Filter>
    </ClInclude>
    <ClInclude Include="Ellipseoid.h">
      <Filter>Header Files</Filter>
    </ClInclude>
    <ClInclude Include="BSpline.h">
      <Filter>Header Files</Filter>
    </ClInclude>
    <ClInclude Include="Pointf.h">
      <Filter>Header Files</Filter>
    </ClInclude>
    <ClInclude Include="AmiraVectorField2D.h">
      <Filter>Header Files</Filter>
    </ClInclude>
    <ClInclude Include="BasicFileReader.h">
      <Filter>Header Files</Filter>
    </ClInclude>
    <ClInclude Include="DataField.h">
      <Filter>Header Files</Filter>
    </ClInclude>
    <ClInclude Include="RectF.h">
      <Filter>Header Files</Filter>
    </ClInclude>
    <ClInclude Include="DrawingObjectMngr.h">
      <Filter>Header Files</Filter>
    </ClInclude>
    <ClInclude Include="helper.h">
      <Filter>Header Files</Filter>
    </ClInclude>
    <ClInclude Include="Line.h">
      <Filter>Header Files</Filter>
    </ClInclude>
    <ClInclude Include="VortexObj.h">
      <Filter>Header Files</Filter>
    </ClInclude>
    <ClInclude Include="Arrow.h">
      <Filter>Header Files</Filter>
    </ClInclude>
    <ClInclude Include="Rectangle.h">
      <Filter>Header Files</Filter>
    </ClInclude>
    <ClInclude Include="MFCRibbonCheckBoxStub.h">
      <Filter>Header Files</Filter>
    </ClInclude>
    <ClInclude Include="Triangle.h">
      <Filter>Header Files</Filter>
    </ClInclude>
    <ClInclude Include="StreamLine.h">
      <Filter>Header Files</Filter>
    </ClInclude>
    <ClInclude Include="TrackerRect.h">
      <Filter>Header Files</Filter>
    </ClInclude>
    <ClInclude Include="Markup.h">
      <Filter>Header Files</Filter>
    </ClInclude>
    <ClInclude Include="DrawingObjectDataTypes.h">
      <Filter>Header Files</Filter>
    </ClInclude>
    <ClInclude Include="SVGConverter.h">
      <Filter>Header Files</Filter>
    </ClInclude>
    <ClInclude Include="PathLine.h">
      <Filter>Header Files</Filter>
    </ClInclude>
    <ClInclude Include="ShaderMngr.h">
      <Filter>Header Files</Filter>
    </ClInclude>
    <ClInclude Include="third_party\FolderDlg.h">
      <Filter>FolderDlg</Filter>
    </ClInclude>
    <ClInclude Include="SaveScreenshotSeriesDlg.h">
      <Filter>Header Files</Filter>
    </ClInclude>
    <ClInclude Include="StatusDlg.h">
      <Filter>Header Files</Filter>
    </ClInclude>
    <ClInclude Include="PolyLine.h">
      <Filter>Header Files</Filter>
    </ClInclude>
    <ClInclude Include="StreakLine.h">
      <Filter>Header Files</Filter>
    </ClInclude>
    <ClInclude Include="BoundingBox3D.h">
      <Filter>Header Files</Filter>
    </ClInclude>
    <ClInclude Include="SimpleVariant.h">
      <Filter>Header Files</Filter>
    </ClInclude>
    <ClInclude Include="SpeedLine.h">
      <Filter>Header Files</Filter>
    </ClInclude>
    <ClInclude Include="Selection.h">
      <Filter>Header Files</Filter>
    </ClInclude>
    <ClInclude Include="ListCtrlEx.h">
      <Filter>Header Files</Filter>
    </ClInclude>
    <ClInclude Include="FloatColor.h">
      <Filter>Header Files</Filter>
    </ClInclude>
    <ClInclude Include="stipplepattern.h">
      <Filter>Header Files</Filter>
    </ClInclude>
    <ClInclude Include="FlowIllustratorRenderView.h">
      <Filter>Header Files</Filter>
    </ClInclude>
    <ClInclude Include="TimeLine.h">
      <Filter>Header Files</Filter>
    </ClInclude>
    <ClInclude Include="SaveAmiraMeshDlg.h">
      <Filter>Header Files</Filter>
    </ClInclude>
    <ClInclude Include="OpenGlDummyWnd.h">
      <Filter>Header Files</Filter>
    </ClInclude>
  </ItemGroup>
  <ItemGroup>
    <ClCompile Include="FlowIllustrator.cpp">
      <Filter>Source Files</Filter>
    </ClCompile>
    <ClCompile Include="stdafx.cpp">
      <Filter>Source Files</Filter>
    </ClCompile>
    <ClCompile Include="MainFrm.cpp">
      <Filter>Source Files</Filter>
    </ClCompile>
    <ClCompile Include="FlowIllustratorDoc.cpp">
      <Filter>Source Files</Filter>
    </ClCompile>
    <ClCompile Include="FlowIllustratorView.cpp">
      <Filter>Source Files</Filter>
    </ClCompile>
    <ClCompile Include="MathVector.cpp">
      <Filter>Source Files</Filter>
    </ClCompile>
    <ClCompile Include="Vector2D.cpp">
      <Filter>Source Files</Filter>
    </ClCompile>
    <ClCompile Include="Vector3D.cpp">
      <Filter>Source Files</Filter>
    </ClCompile>
    <ClCompile Include="amirareader.cpp">
      <Filter>Source Files</Filter>
    </ClCompile>
    <ClCompile Include="VectorField.cpp">
      <Filter>Source Files</Filter>
    </ClCompile>
    <ClCompile Include="VectorField2D.cpp">
      <Filter>Source Files</Filter>
    </ClCompile>
    <ClCompile Include="ScalarField.cpp">
      <Filter>Source Files</Filter>
    </ClCompile>
    <ClCompile Include="DrawingObject.cpp">
      <Filter>Source Files</Filter>
    </ClCompile>
    <ClCompile Include="Ellipseoid.cpp">
      <Filter>Source Files</Filter>
    </ClCompile>
    <ClCompile Include="BSpline.cpp">
      <Filter>Source Files</Filter>
    </ClCompile>
    <ClCompile Include="AmiraVectorField2D.cpp">
      <Filter>Source Files</Filter>
    </ClCompile>
    <ClCompile Include="BasicFileReader.cpp">
      <Filter>Source Files</Filter>
    </ClCompile>
    <ClCompile Include="DataField.cpp">
      <Filter>Source Files</Filter>
    </ClCompile>
    <ClCompile Include="RectF.cpp">
      <Filter>Source Files</Filter>
    </ClCompile>
    <ClCompile Include="DrawingObjectMngr.cpp">
      <Filter>Source Files</Filter>
    </ClCompile>
    <ClCompile Include="Line.cpp">
      <Filter>Source Files</Filter>
    </ClCompile>
    <ClCompile Include="VortexObj.cpp">
      <Filter>Source Files</Filter>
    </ClCompile>
    <ClCompile Include="Arrow.cpp">
      <Filter>Source Files</Filter>
    </ClCompile>
    <ClCompile Include="Rectangle.cpp">
      <Filter>Source Files</Filter>
    </ClCompile>
    <ClCompile Include="MFCRibbonCheckBoxStub.cpp">
      <Filter>Source Files</Filter>
    </ClCompile>
    <ClCompile Include="Triangle.cpp">
      <Filter>Source Files</Filter>
    </ClCompile>
    <ClCompile Include="StreamLine.cpp">
      <Filter>Source Files</Filter>
    </ClCompile>
    <ClCompile Include="TrackerRect.cpp">
      <Filter>Source Files</Filter>
    </ClCompile>
    <ClCompile Include="helper.cpp">
      <Filter>Source Files</Filter>
    </ClCompile>
    <ClCompile Include="Markup.cpp">
      <Filter>Source Files</Filter>
    </ClCompile>
    <ClCompile Include="SVGConverter.cpp">
      <Filter>Source Files</Filter>
    </ClCompile>
    <ClCompile Include="PathLine.cpp">
      <Filter>Source Files</Filter>
    </ClCompile>
    <ClCompile Include="ShaderMngr.cpp">
      <Filter>Source Files</Filter>
    </ClCompile>
    <ClCompile Include="third_party\FolderDlg.cpp">
      <Filter>FolderDlg</Filter>
    </ClCompile>
    <ClCompile Include="SaveScreenshotSeriesDlg.cpp">
      <Filter>Source Files</Filter>
    </ClCompile>
    <ClCompile Include="StatusDlg.cpp">
      <Filter>Source Files</Filter>
    </ClCompile>
    <ClCompile Include="PolyLine.cpp">
      <Filter>Source Files</Filter>
    </ClCompile>
    <ClCompile Include="StreakLine.cpp">
      <Filter>Source Files</Filter>
    </ClCompile>
    <ClCompile Include="BoundingBox3D.cpp">
      <Filter>Source Files</Filter>
    </ClCompile>
    <ClCompile Include="SimpleVariant.cpp">
      <Filter>Source Files</Filter>
    </ClCompile>
    <ClCompile Include="SpeedLine.cpp">
      <Filter>Source Files</Filter>
    </ClCompile>
    <ClCompile Include="Selection.cpp">
      <Filter>Source Files</Filter>
    </ClCompile>
    <ClCompile Include="ListCtrlEx.cpp">
      <Filter>Source Files</Filter>
    </ClCompile>
    <ClCompile Include="DrawingObjectDataTypes.cpp">
      <Filter>Source Files</Filter>
    </ClCompile>
    <ClCompile Include="stipplepattern.cpp">
      <Filter>Source Files</Filter>
    </ClCompile>
    <ClCompile Include="FlowIllustratorRenderView.cpp">
      <Filter>Source Files</Filter>
    </ClCompile>
    <ClCompile Include="TimeLine.cpp">
      <Filter>Source Files</Filter>
    </ClCompile>
    <ClCompile Include="SaveAmiraMeshDlg.cpp">
      <Filter>Source Files</Filter>
    </ClCompile>
    <ClCompile Include="OpenGlDummyWnd.cpp">
      <Filter>Source Files</Filter>
    </ClCompile>
  </ItemGroup>
  <ItemGroup>
    <ResourceCompile Include="FlowIllustrator.rc">
      <Filter>Resource Files</Filter>
    </ResourceCompile>
  </ItemGroup>
</Project>